// !$*UTF8*$!
{
	archiveVersion = 1;
	classes = {
	};
	objectVersion = 50;
	objects = {

/* Begin PBXBuildFile section */
		4B83E1722589ABBC0041B601 /* Dandelion_SwiftUIApp.swift in Sources */ = {isa = PBXBuildFile; fileRef = 4B83E1712589ABBC0041B601 /* Dandelion_SwiftUIApp.swift */; };
		4B83E1742589ABBC0041B601 /* ContentView.swift in Sources */ = {isa = PBXBuildFile; fileRef = 4B83E1732589ABBC0041B601 /* ContentView.swift */; };
		4B83E1762589ABBE0041B601 /* Assets.xcassets in Resources */ = {isa = PBXBuildFile; fileRef = 4B83E1752589ABBE0041B601 /* Assets.xcassets */; };
		4B83E1792589ABBE0041B601 /* Preview Assets.xcassets in Resources */ = {isa = PBXBuildFile; fileRef = 4B83E1782589ABBE0041B601 /* Preview Assets.xcassets */; };
		4B83E1842589ABBF0041B601 /* Dandelion_SwiftUITests.swift in Sources */ = {isa = PBXBuildFile; fileRef = 4B83E1832589ABBF0041B601 /* Dandelion_SwiftUITests.swift */; };
		4B83E18F2589ABBF0041B601 /* Dandelion_SwiftUIUITests.swift in Sources */ = {isa = PBXBuildFile; fileRef = 4B83E18E2589ABBF0041B601 /* Dandelion_SwiftUIUITests.swift */; };
/* End PBXBuildFile section */

/* Begin PBXContainerItemProxy section */
		4B83E1802589ABBF0041B601 /* PBXContainerItemProxy */ = {
			isa = PBXContainerItemProxy;
			containerPortal = 4B83E1662589ABBC0041B601 /* Project object */;
			proxyType = 1;
			remoteGlobalIDString = 4B83E16D2589ABBC0041B601;
			remoteInfo = "Dandelion-SwiftUI";
		};
		4B83E18B2589ABBF0041B601 /* PBXContainerItemProxy */ = {
			isa = PBXContainerItemProxy;
			containerPortal = 4B83E1662589ABBC0041B601 /* Project object */;
			proxyType = 1;
			remoteGlobalIDString = 4B83E16D2589ABBC0041B601;
			remoteInfo = "Dandelion-SwiftUI";
		};
/* End PBXContainerItemProxy section */

/* Begin PBXFileReference section */
		4B83E16E2589ABBC0041B601 /* Dandelion-SwiftUI.app */ = {isa = PBXFileReference; explicitFileType = wrapper.application; includeInIndex = 0; path = "Dandelion-SwiftUI.app"; sourceTree = BUILT_PRODUCTS_DIR; };
		4B83E1712589ABBC0041B601 /* Dandelion_SwiftUIApp.swift */ = {isa = PBXFileReference; lastKnownFileType = sourcecode.swift; path = Dandelion_SwiftUIApp.swift; sourceTree = "<group>"; };
		4B83E1732589ABBC0041B601 /* ContentView.swift */ = {isa = PBXFileReference; lastKnownFileType = sourcecode.swift; path = ContentView.swift; sourceTree = "<group>"; };
		4B83E1752589ABBE0041B601 /* Assets.xcassets */ = {isa = PBXFileReference; lastKnownFileType = folder.assetcatalog; path = Assets.xcassets; sourceTree = "<group>"; };
		4B83E1782589ABBE0041B601 /* Preview Assets.xcassets */ = {isa = PBXFileReference; lastKnownFileType = folder.assetcatalog; path = "Preview Assets.xcassets"; sourceTree = "<group>"; };
		4B83E17A2589ABBE0041B601 /* Info.plist */ = {isa = PBXFileReference; lastKnownFileType = text.plist.xml; path = Info.plist; sourceTree = "<group>"; };
		4B83E17F2589ABBF0041B601 /* Dandelion-SwiftUITests.xctest */ = {isa = PBXFileReference; explicitFileType = wrapper.cfbundle; includeInIndex = 0; path = "Dandelion-SwiftUITests.xctest"; sourceTree = BUILT_PRODUCTS_DIR; };
		4B83E1832589ABBF0041B601 /* Dandelion_SwiftUITests.swift */ = {isa = PBXFileReference; lastKnownFileType = sourcecode.swift; path = Dandelion_SwiftUITests.swift; sourceTree = "<group>"; };
		4B83E1852589ABBF0041B601 /* Info.plist */ = {isa = PBXFileReference; lastKnownFileType = text.plist.xml; path = Info.plist; sourceTree = "<group>"; };
		4B83E18A2589ABBF0041B601 /* Dandelion-SwiftUIUITests.xctest */ = {isa = PBXFileReference; explicitFileType = wrapper.cfbundle; includeInIndex = 0; path = "Dandelion-SwiftUIUITests.xctest"; sourceTree = BUILT_PRODUCTS_DIR; };
		4B83E18E2589ABBF0041B601 /* Dandelion_SwiftUIUITests.swift */ = {isa = PBXFileReference; lastKnownFileType = sourcecode.swift; path = Dandelion_SwiftUIUITests.swift; sourceTree = "<group>"; };
		4B83E1902589ABBF0041B601 /* Info.plist */ = {isa = PBXFileReference; lastKnownFileType = text.plist.xml; path = Info.plist; sourceTree = "<group>"; };
/* End PBXFileReference section */

/* Begin PBXFrameworksBuildPhase section */
		4B83E16B2589ABBC0041B601 /* Frameworks */ = {
			isa = PBXFrameworksBuildPhase;
			buildActionMask = 2147483647;
			files = (
			);
			runOnlyForDeploymentPostprocessing = 0;
		};
		4B83E17C2589ABBF0041B601 /* Frameworks */ = {
			isa = PBXFrameworksBuildPhase;
			buildActionMask = 2147483647;
			files = (
			);
			runOnlyForDeploymentPostprocessing = 0;
		};
		4B83E1872589ABBF0041B601 /* Frameworks */ = {
			isa = PBXFrameworksBuildPhase;
			buildActionMask = 2147483647;
			files = (
			);
			runOnlyForDeploymentPostprocessing = 0;
		};
/* End PBXFrameworksBuildPhase section */

/* Begin PBXGroup section */
		4B83E1652589ABBC0041B601 = {
			isa = PBXGroup;
			children = (
				4B83E1702589ABBC0041B601 /* Dandelion-SwiftUI */,
				4B83E1822589ABBF0041B601 /* Dandelion-SwiftUITests */,
				4B83E18D2589ABBF0041B601 /* Dandelion-SwiftUIUITests */,
				4B83E16F2589ABBC0041B601 /* Products */,
			);
			sourceTree = "<group>";
		};
		4B83E16F2589ABBC0041B601 /* Products */ = {
			isa = PBXGroup;
			children = (
				4B83E16E2589ABBC0041B601 /* Dandelion-SwiftUI.app */,
				4B83E17F2589ABBF0041B601 /* Dandelion-SwiftUITests.xctest */,
				4B83E18A2589ABBF0041B601 /* Dandelion-SwiftUIUITests.xctest */,
			);
			name = Products;
			sourceTree = "<group>";
		};
		4B83E1702589ABBC0041B601 /* Dandelion-SwiftUI */ = {
			isa = PBXGroup;
			children = (
				4B83E1712589ABBC0041B601 /* Dandelion_SwiftUIApp.swift */,
				4B83E1732589ABBC0041B601 /* ContentView.swift */,
				4B83E1752589ABBE0041B601 /* Assets.xcassets */,
				4B83E17A2589ABBE0041B601 /* Info.plist */,
				4B83E1772589ABBE0041B601 /* Preview Content */,
			);
			path = "Dandelion-SwiftUI";
			sourceTree = "<group>";
		};
		4B83E1772589ABBE0041B601 /* Preview Content */ = {
			isa = PBXGroup;
			children = (
				4B83E1782589ABBE0041B601 /* Preview Assets.xcassets */,
			);
			path = "Preview Content";
			sourceTree = "<group>";
		};
		4B83E1822589ABBF0041B601 /* Dandelion-SwiftUITests */ = {
			isa = PBXGroup;
			children = (
				4B83E1832589ABBF0041B601 /* Dandelion_SwiftUITests.swift */,
				4B83E1852589ABBF0041B601 /* Info.plist */,
			);
			path = "Dandelion-SwiftUITests";
			sourceTree = "<group>";
		};
		4B83E18D2589ABBF0041B601 /* Dandelion-SwiftUIUITests */ = {
			isa = PBXGroup;
			children = (
				4B83E18E2589ABBF0041B601 /* Dandelion_SwiftUIUITests.swift */,
				4B83E1902589ABBF0041B601 /* Info.plist */,
			);
			path = "Dandelion-SwiftUIUITests";
			sourceTree = "<group>";
		};
/* End PBXGroup section */

/* Begin PBXNativeTarget section */
		4B83E16D2589ABBC0041B601 /* Dandelion-SwiftUI */ = {
			isa = PBXNativeTarget;
			buildConfigurationList = 4B83E1932589ABBF0041B601 /* Build configuration list for PBXNativeTarget "Dandelion-SwiftUI" */;
			buildPhases = (
				4B83E16A2589ABBC0041B601 /* Sources */,
				4B83E16B2589ABBC0041B601 /* Frameworks */,
				4B83E16C2589ABBC0041B601 /* Resources */,
			);
			buildRules = (
			);
			dependencies = (
			);
			name = "Dandelion-SwiftUI";
			productName = "Dandelion-SwiftUI";
			productReference = 4B83E16E2589ABBC0041B601 /* Dandelion-SwiftUI.app */;
			productType = "com.apple.product-type.application";
		};
		4B83E17E2589ABBF0041B601 /* Dandelion-SwiftUITests */ = {
			isa = PBXNativeTarget;
			buildConfigurationList = 4B83E1962589ABBF0041B601 /* Build configuration list for PBXNativeTarget "Dandelion-SwiftUITests" */;
			buildPhases = (
				4B83E17B2589ABBF0041B601 /* Sources */,
				4B83E17C2589ABBF0041B601 /* Frameworks */,
				4B83E17D2589ABBF0041B601 /* Resources */,
			);
			buildRules = (
			);
			dependencies = (
				4B83E1812589ABBF0041B601 /* PBXTargetDependency */,
			);
			name = "Dandelion-SwiftUITests";
			productName = "Dandelion-SwiftUITests";
			productReference = 4B83E17F2589ABBF0041B601 /* Dandelion-SwiftUITests.xctest */;
			productType = "com.apple.product-type.bundle.unit-test";
		};
		4B83E1892589ABBF0041B601 /* Dandelion-SwiftUIUITests */ = {
			isa = PBXNativeTarget;
			buildConfigurationList = 4B83E1992589ABBF0041B601 /* Build configuration list for PBXNativeTarget "Dandelion-SwiftUIUITests" */;
			buildPhases = (
				4B83E1862589ABBF0041B601 /* Sources */,
				4B83E1872589ABBF0041B601 /* Frameworks */,
				4B83E1882589ABBF0041B601 /* Resources */,
			);
			buildRules = (
			);
			dependencies = (
				4B83E18C2589ABBF0041B601 /* PBXTargetDependency */,
			);
			name = "Dandelion-SwiftUIUITests";
			productName = "Dandelion-SwiftUIUITests";
			productReference = 4B83E18A2589ABBF0041B601 /* Dandelion-SwiftUIUITests.xctest */;
			productType = "com.apple.product-type.bundle.ui-testing";
		};
/* End PBXNativeTarget section */

/* Begin PBXProject section */
		4B83E1662589ABBC0041B601 /* Project object */ = {
			isa = PBXProject;
			attributes = {
				LastSwiftUpdateCheck = 1220;
				LastUpgradeCheck = 1220;
				TargetAttributes = {
					4B83E16D2589ABBC0041B601 = {
						CreatedOnToolsVersion = 12.2;
					};
					4B83E17E2589ABBF0041B601 = {
						CreatedOnToolsVersion = 12.2;
						TestTargetID = 4B83E16D2589ABBC0041B601;
					};
					4B83E1892589ABBF0041B601 = {
						CreatedOnToolsVersion = 12.2;
						TestTargetID = 4B83E16D2589ABBC0041B601;
					};
				};
			};
			buildConfigurationList = 4B83E1692589ABBC0041B601 /* Build configuration list for PBXProject "Dandelion-SwiftUI" */;
			compatibilityVersion = "Xcode 9.3";
			developmentRegion = en;
			hasScannedForEncodings = 0;
			knownRegions = (
				en,
				Base,
			);
			mainGroup = 4B83E1652589ABBC0041B601;
			productRefGroup = 4B83E16F2589ABBC0041B601 /* Products */;
			projectDirPath = "";
			projectRoot = "";
			targets = (
				4B83E16D2589ABBC0041B601 /* Dandelion-SwiftUI */,
				4B83E17E2589ABBF0041B601 /* Dandelion-SwiftUITests */,
				4B83E1892589ABBF0041B601 /* Dandelion-SwiftUIUITests */,
			);
		};
/* End PBXProject section */

/* Begin PBXResourcesBuildPhase section */
		4B83E16C2589ABBC0041B601 /* Resources */ = {
			isa = PBXResourcesBuildPhase;
			buildActionMask = 2147483647;
			files = (
				4B83E1792589ABBE0041B601 /* Preview Assets.xcassets in Resources */,
				4B83E1762589ABBE0041B601 /* Assets.xcassets in Resources */,
			);
			runOnlyForDeploymentPostprocessing = 0;
		};
		4B83E17D2589ABBF0041B601 /* Resources */ = {
			isa = PBXResourcesBuildPhase;
			buildActionMask = 2147483647;
			files = (
			);
			runOnlyForDeploymentPostprocessing = 0;
		};
		4B83E1882589ABBF0041B601 /* Resources */ = {
			isa = PBXResourcesBuildPhase;
			buildActionMask = 2147483647;
			files = (
			);
			runOnlyForDeploymentPostprocessing = 0;
		};
/* End PBXResourcesBuildPhase section */

/* Begin PBXSourcesBuildPhase section */
		4B83E16A2589ABBC0041B601 /* Sources */ = {
			isa = PBXSourcesBuildPhase;
			buildActionMask = 2147483647;
			files = (
				4B83E1742589ABBC0041B601 /* ContentView.swift in Sources */,
				4B83E1722589ABBC0041B601 /* Dandelion_SwiftUIApp.swift in Sources */,
			);
			runOnlyForDeploymentPostprocessing = 0;
		};
		4B83E17B2589ABBF0041B601 /* Sources */ = {
			isa = PBXSourcesBuildPhase;
			buildActionMask = 2147483647;
			files = (
				4B83E1842589ABBF0041B601 /* Dandelion_SwiftUITests.swift in Sources */,
			);
			runOnlyForDeploymentPostprocessing = 0;
		};
		4B83E1862589ABBF0041B601 /* Sources */ = {
			isa = PBXSourcesBuildPhase;
			buildActionMask = 2147483647;
			files = (
				4B83E18F2589ABBF0041B601 /* Dandelion_SwiftUIUITests.swift in Sources */,
			);
			runOnlyForDeploymentPostprocessing = 0;
		};
/* End PBXSourcesBuildPhase section */

/* Begin PBXTargetDependency section */
		4B83E1812589ABBF0041B601 /* PBXTargetDependency */ = {
			isa = PBXTargetDependency;
			target = 4B83E16D2589ABBC0041B601 /* Dandelion-SwiftUI */;
			targetProxy = 4B83E1802589ABBF0041B601 /* PBXContainerItemProxy */;
		};
		4B83E18C2589ABBF0041B601 /* PBXTargetDependency */ = {
			isa = PBXTargetDependency;
			target = 4B83E16D2589ABBC0041B601 /* Dandelion-SwiftUI */;
			targetProxy = 4B83E18B2589ABBF0041B601 /* PBXContainerItemProxy */;
		};
/* End PBXTargetDependency section */

/* Begin XCBuildConfiguration section */
		4B83E1912589ABBF0041B601 /* Debug */ = {
			isa = XCBuildConfiguration;
			buildSettings = {
				ALWAYS_SEARCH_USER_PATHS = NO;
				CLANG_ANALYZER_NONNULL = YES;
				CLANG_ANALYZER_NUMBER_OBJECT_CONVERSION = YES_AGGRESSIVE;
				CLANG_CXX_LANGUAGE_STANDARD = "gnu++14";
				CLANG_CXX_LIBRARY = "libc++";
				CLANG_ENABLE_MODULES = YES;
				CLANG_ENABLE_OBJC_ARC = YES;
				CLANG_ENABLE_OBJC_WEAK = YES;
				CLANG_WARN_BLOCK_CAPTURE_AUTORELEASING = YES;
				CLANG_WARN_BOOL_CONVERSION = YES;
				CLANG_WARN_COMMA = YES;
				CLANG_WARN_CONSTANT_CONVERSION = YES;
				CLANG_WARN_DEPRECATED_OBJC_IMPLEMENTATIONS = YES;
				CLANG_WARN_DIRECT_OBJC_ISA_USAGE = YES_ERROR;
				CLANG_WARN_DOCUMENTATION_COMMENTS = YES;
				CLANG_WARN_EMPTY_BODY = YES;
				CLANG_WARN_ENUM_CONVERSION = YES;
				CLANG_WARN_INFINITE_RECURSION = YES;
				CLANG_WARN_INT_CONVERSION = YES;
				CLANG_WARN_NON_LITERAL_NULL_CONVERSION = YES;
				CLANG_WARN_OBJC_IMPLICIT_RETAIN_SELF = YES;
				CLANG_WARN_OBJC_LITERAL_CONVERSION = YES;
				CLANG_WARN_OBJC_ROOT_CLASS = YES_ERROR;
				CLANG_WARN_QUOTED_INCLUDE_IN_FRAMEWORK_HEADER = YES;
				CLANG_WARN_RANGE_LOOP_ANALYSIS = YES;
				CLANG_WARN_STRICT_PROTOTYPES = YES;
				CLANG_WARN_SUSPICIOUS_MOVE = YES;
				CLANG_WARN_UNGUARDED_AVAILABILITY = YES_AGGRESSIVE;
				CLANG_WARN_UNREACHABLE_CODE = YES;
				CLANG_WARN__DUPLICATE_METHOD_MATCH = YES;
				COPY_PHASE_STRIP = NO;
				DEBUG_INFORMATION_FORMAT = dwarf;
				ENABLE_STRICT_OBJC_MSGSEND = YES;
				ENABLE_TESTABILITY = YES;
				GCC_C_LANGUAGE_STANDARD = gnu11;
				GCC_DYNAMIC_NO_PIC = NO;
				GCC_NO_COMMON_BLOCKS = YES;
				GCC_OPTIMIZATION_LEVEL = 0;
				GCC_PREPROCESSOR_DEFINITIONS = (
					"DEBUG=1",
					"$(inherited)",
				);
				GCC_WARN_64_TO_32_BIT_CONVERSION = YES;
				GCC_WARN_ABOUT_RETURN_TYPE = YES_ERROR;
				GCC_WARN_UNDECLARED_SELECTOR = YES;
				GCC_WARN_UNINITIALIZED_AUTOS = YES_AGGRESSIVE;
				GCC_WARN_UNUSED_FUNCTION = YES;
				GCC_WARN_UNUSED_VARIABLE = YES;
				IPHONEOS_DEPLOYMENT_TARGET = 14.2;
				MTL_ENABLE_DEBUG_INFO = INCLUDE_SOURCE;
				MTL_FAST_MATH = YES;
				ONLY_ACTIVE_ARCH = YES;
				SDKROOT = iphoneos;
				SWIFT_ACTIVE_COMPILATION_CONDITIONS = DEBUG;
				SWIFT_OPTIMIZATION_LEVEL = "-Onone";
			};
			name = Debug;
		};
		4B83E1922589ABBF0041B601 /* Release */ = {
			isa = XCBuildConfiguration;
			buildSettings = {
				ALWAYS_SEARCH_USER_PATHS = NO;
				CLANG_ANALYZER_NONNULL = YES;
				CLANG_ANALYZER_NUMBER_OBJECT_CONVERSION = YES_AGGRESSIVE;
				CLANG_CXX_LANGUAGE_STANDARD = "gnu++14";
				CLANG_CXX_LIBRARY = "libc++";
				CLANG_ENABLE_MODULES = YES;
				CLANG_ENABLE_OBJC_ARC = YES;
				CLANG_ENABLE_OBJC_WEAK = YES;
				CLANG_WARN_BLOCK_CAPTURE_AUTORELEASING = YES;
				CLANG_WARN_BOOL_CONVERSION = YES;
				CLANG_WARN_COMMA = YES;
				CLANG_WARN_CONSTANT_CONVERSION = YES;
				CLANG_WARN_DEPRECATED_OBJC_IMPLEMENTATIONS = YES;
				CLANG_WARN_DIRECT_OBJC_ISA_USAGE = YES_ERROR;
				CLANG_WARN_DOCUMENTATION_COMMENTS = YES;
				CLANG_WARN_EMPTY_BODY = YES;
				CLANG_WARN_ENUM_CONVERSION = YES;
				CLANG_WARN_INFINITE_RECURSION = YES;
				CLANG_WARN_INT_CONVERSION = YES;
				CLANG_WARN_NON_LITERAL_NULL_CONVERSION = YES;
				CLANG_WARN_OBJC_IMPLICIT_RETAIN_SELF = YES;
				CLANG_WARN_OBJC_LITERAL_CONVERSION = YES;
				CLANG_WARN_OBJC_ROOT_CLASS = YES_ERROR;
				CLANG_WARN_QUOTED_INCLUDE_IN_FRAMEWORK_HEADER = YES;
				CLANG_WARN_RANGE_LOOP_ANALYSIS = YES;
				CLANG_WARN_STRICT_PROTOTYPES = YES;
				CLANG_WARN_SUSPICIOUS_MOVE = YES;
				CLANG_WARN_UNGUARDED_AVAILABILITY = YES_AGGRESSIVE;
				CLANG_WARN_UNREACHABLE_CODE = YES;
				CLANG_WARN__DUPLICATE_METHOD_MATCH = YES;
				COPY_PHASE_STRIP = NO;
				DEBUG_INFORMATION_FORMAT = "dwarf-with-dsym";
				ENABLE_NS_ASSERTIONS = NO;
				ENABLE_STRICT_OBJC_MSGSEND = YES;
				GCC_C_LANGUAGE_STANDARD = gnu11;
				GCC_NO_COMMON_BLOCKS = YES;
				GCC_WARN_64_TO_32_BIT_CONVERSION = YES;
				GCC_WARN_ABOUT_RETURN_TYPE = YES_ERROR;
				GCC_WARN_UNDECLARED_SELECTOR = YES;
				GCC_WARN_UNINITIALIZED_AUTOS = YES_AGGRESSIVE;
				GCC_WARN_UNUSED_FUNCTION = YES;
				GCC_WARN_UNUSED_VARIABLE = YES;
				IPHONEOS_DEPLOYMENT_TARGET = 14.2;
				MTL_ENABLE_DEBUG_INFO = NO;
				MTL_FAST_MATH = YES;
				SDKROOT = iphoneos;
				SWIFT_COMPILATION_MODE = wholemodule;
				SWIFT_OPTIMIZATION_LEVEL = "-O";
				VALIDATE_PRODUCT = YES;
			};
			name = Release;
		};
		4B83E1942589ABBF0041B601 /* Debug */ = {
			isa = XCBuildConfiguration;
			buildSettings = {
				ASSETCATALOG_COMPILER_APPICON_NAME = AppIcon;
				ASSETCATALOG_COMPILER_GLOBAL_ACCENT_COLOR_NAME = AccentColor;
				CODE_SIGN_STYLE = Automatic;
				DEVELOPMENT_ASSET_PATHS = "\"Dandelion-SwiftUI/Preview Content\"";
				DEVELOPMENT_TEAM = X44CE4T999;
				ENABLE_PREVIEWS = YES;
				INFOPLIST_FILE = "Dandelion-SwiftUI/Info.plist";
				IPHONEOS_DEPLOYMENT_TARGET = 14.0;
				LD_RUNPATH_SEARCH_PATHS = (
					"$(inherited)",
					"@executable_path/Frameworks",
				);
				PRODUCT_BUNDLE_IDENTIFIER = "com.Dandelion-SwiftUI";
				PRODUCT_NAME = "$(TARGET_NAME)";
				SWIFT_VERSION = 5.0;
				TARGETED_DEVICE_FAMILY = "1,2";
			};
			name = Debug;
		};
		4B83E1952589ABBF0041B601 /* Release */ = {
			isa = XCBuildConfiguration;
			buildSettings = {
				ASSETCATALOG_COMPILER_APPICON_NAME = AppIcon;
				ASSETCATALOG_COMPILER_GLOBAL_ACCENT_COLOR_NAME = AccentColor;
				CODE_SIGN_STYLE = Automatic;
				DEVELOPMENT_ASSET_PATHS = "\"Dandelion-SwiftUI/Preview Content\"";
				DEVELOPMENT_TEAM = X44CE4T999;
				ENABLE_PREVIEWS = YES;
				INFOPLIST_FILE = "Dandelion-SwiftUI/Info.plist";
				IPHONEOS_DEPLOYMENT_TARGET = 14.0;
				LD_RUNPATH_SEARCH_PATHS = (
					"$(inherited)",
					"@executable_path/Frameworks",
				);
				PRODUCT_BUNDLE_IDENTIFIER = "com.Dandelion-SwiftUI";
				PRODUCT_NAME = "$(TARGET_NAME)";
				SWIFT_VERSION = 5.0;
				TARGETED_DEVICE_FAMILY = "1,2";
			};
			name = Release;
		};
		4B83E1972589ABBF0041B601 /* Debug */ = {
			isa = XCBuildConfiguration;
			buildSettings = {
				ALWAYS_EMBED_SWIFT_STANDARD_LIBRARIES = YES;
				BUNDLE_LOADER = "$(TEST_HOST)";
				CODE_SIGN_STYLE = Automatic;
				DEVELOPMENT_TEAM = X44CE4T999;
				INFOPLIST_FILE = "Dandelion-SwiftUITests/Info.plist";
				IPHONEOS_DEPLOYMENT_TARGET = 14.0;
				LD_RUNPATH_SEARCH_PATHS = (
					"$(inherited)",
					"@executable_path/Frameworks",
					"@loader_path/Frameworks",
				);
				PRODUCT_BUNDLE_IDENTIFIER = "com.Dandelion-SwiftUITests";
				PRODUCT_NAME = "$(TARGET_NAME)";
				SWIFT_VERSION = 5.0;
				TARGETED_DEVICE_FAMILY = "1,2";
				TEST_HOST = "$(BUILT_PRODUCTS_DIR)/Dandelion-SwiftUI.app/Dandelion-SwiftUI";
			};
			name = Debug;
		};
		4B83E1982589ABBF0041B601 /* Release */ = {
			isa = XCBuildConfiguration;
			buildSettings = {
				ALWAYS_EMBED_SWIFT_STANDARD_LIBRARIES = YES;
				BUNDLE_LOADER = "$(TEST_HOST)";
				CODE_SIGN_STYLE = Automatic;
				DEVELOPMENT_TEAM = X44CE4T999;
				INFOPLIST_FILE = "Dandelion-SwiftUITests/Info.plist";
				IPHONEOS_DEPLOYMENT_TARGET = 14.0;
				LD_RUNPATH_SEARCH_PATHS = (
					"$(inherited)",
					"@executable_path/Frameworks",
					"@loader_path/Frameworks",
				);
				PRODUCT_BUNDLE_IDENTIFIER = "com.Dandelion-SwiftUITests";
				PRODUCT_NAME = "$(TARGET_NAME)";
				SWIFT_VERSION = 5.0;
				TARGETED_DEVICE_FAMILY = "1,2";
				TEST_HOST = "$(BUILT_PRODUCTS_DIR)/Dandelion-SwiftUI.app/Dandelion-SwiftUI";
			};
			name = Release;
		};
		4B83E19A2589ABBF0041B601 /* Debug */ = {
			isa = XCBuildConfiguration;
			buildSettings = {
				ALWAYS_EMBED_SWIFT_STANDARD_LIBRARIES = YES;
				CODE_SIGN_STYLE = Automatic;
				DEVELOPMENT_TEAM = X44CE4T999;
				INFOPLIST_FILE = "Dandelion-SwiftUIUITests/Info.plist";
				LD_RUNPATH_SEARCH_PATHS = (
					"$(inherited)",
					"@executable_path/Frameworks",
					"@loader_path/Frameworks",
				);
				PRODUCT_BUNDLE_IDENTIFIER = "com.Dandelion-SwiftUIUITests";
				PRODUCT_NAME = "$(TARGET_NAME)";
				SWIFT_VERSION = 5.0;
				TARGETED_DEVICE_FAMILY = "1,2";
				TEST_TARGET_NAME = "Dandelion-SwiftUI";
			};
			name = Debug;
		};
		4B83E19B2589ABBF0041B601 /* Release */ = {
			isa = XCBuildConfiguration;
			buildSettings = {
				ALWAYS_EMBED_SWIFT_STANDARD_LIBRARIES = YES;
				CODE_SIGN_STYLE = Automatic;
				DEVELOPMENT_TEAM = X44CE4T999;
				INFOPLIST_FILE = "Dandelion-SwiftUIUITests/Info.plist";
				LD_RUNPATH_SEARCH_PATHS = (
					"$(inherited)",
					"@executable_path/Frameworks",
					"@loader_path/Frameworks",
				);
				PRODUCT_BUNDLE_IDENTIFIER = "com.Dandelion-SwiftUIUITests";
				PRODUCT_NAME = "$(TARGET_NAME)";
				SWIFT_VERSION = 5.0;
				TARGETED_DEVICE_FAMILY = "1,2";
				TEST_TARGET_NAME = "Dandelion-SwiftUI";
			};
			name = Release;
		};
/* End XCBuildConfiguration section */

/* Begin XCConfigurationList section */
		4B83E1692589ABBC0041B601 /* Build configuration list for PBXProject "Dandelion-SwiftUI" */ = {
			isa = XCConfigurationList;
			buildConfigurations = (
				4B83E1912589ABBF0041B601 /* Debug */,
				4B83E1922589ABBF0041B601 /* Release */,
			);
			defaultConfigurationIsVisible = 0;
			defaultConfigurationName = Release;
		};
		4B83E1932589ABBF0041B601 /* Build configuration list for PBXNativeTarget "Dandelion-SwiftUI" */ = {
			isa = XCConfigurationList;
			buildConfigurations = (
				4B83E1942589ABBF0041B601 /* Debug */,
				4B83E1952589ABBF0041B601 /* Release */,
			);
			defaultConfigurationIsVisible = 0;
			defaultConfigurationName = Release;
		};
		4B83E1962589ABBF0041B601 /* Build configuration list for PBXNativeTarget "Dandelion-SwiftUITests" */ = {
			isa = XCConfigurationList;
			buildConfigurations = (
				4B83E1972589ABBF0041B601 /* Debug */,
				4B83E1982589ABBF0041B601 /* Release */,
			);
			defaultConfigurationIsVisible = 0;
			defaultConfigurationName = Release;
		};
		4B83E1992589ABBF0041B601 /* Build configuration list for PBXNativeTarget "Dandelion-SwiftUIUITests" */ = {
			isa = XCConfigurationList;
			buildConfigurations = (
				4B83E19A2589ABBF0041B601 /* Debug */,
				4B83E19B2589ABBF0041B601 /* Release */,
			);
			defaultConfigurationIsVisible = 0;
			defaultConfigurationName = Release;
		};
/* End XCConfigurationList section */
	};
	rootObject = 4B83E1662589ABBC0041B601 /* Project object */;
}
